
Microsoft Visual Studio Solution File, Format Version 12.00
# Visual Studio Version 17
VisualStudioVersion = 17.4.33213.308
MinimumVisualStudioVersion = 10.0.40219.1
Project("{9A19103F-16F7-4668-BE54-9A1E7A4F7556}") = "CompaniesHouseParser.App", "CompaniesHouseParser.App.csproj", "{483468BB-3570-4C1F-875A-758AFEBDEAAA}"
EndProject
Project("{9A19103F-16F7-4668-BE54-9A1E7A4F7556}") = "CompaniesHouseParser.Settings", "..\CompaniesHouseParser.Settings\CompaniesHouseParser.Settings.csproj", "{28F600D9-C837-43B9-9DAA-C18A07957C36}"
EndProject
Project("{9A19103F-16F7-4668-BE54-9A1E7A4F7556}") = "CompaniesHouseParser.Api", "..\CompaniesHouseParser.Api\CompaniesHouseParser.Api.csproj", "{4ECA0C37-63B5-4AE9-9672-C9DDB05C7D77}"
EndProject
Project("{9A19103F-16F7-4668-BE54-9A1E7A4F7556}") = "CompaniesHouseParser.Email", "..\CompaniesHouseParsing.EmailSending\CompaniesHouseParser.Email.csproj", "{C3689857-CBC0-4D25-A5E1-8FD627AC8109}"
EndProject
Project("{9A19103F-16F7-4668-BE54-9A1E7A4F7556}") = "CompaniesHouseParser.Storage", "..\CompaniesHouseParser.Storage\CompaniesHouseParser.Storage.csproj", "{A9CD2B0B-B2F3-45F6-A9FF-8872EACA7414}"
EndProject
Project("{9A19103F-16F7-4668-BE54-9A1E7A4F7556}") = "CompaniesHouseParser.DomainApi", "..\CompaniesHouseParser.DomainApi\CompaniesHouseParser.DomainApi.csproj", "{F85576A7-768A-43D8-9B7D-3804AB0E7E26}"
EndProject
Project("{9A19103F-16F7-4668-BE54-9A1E7A4F7556}") = "CompaniesHouseParser.Common", "..\CompaniesHouseParser.Common\CompaniesHouseParser.Common.csproj", "{1203231A-8D97-413A-BF9C-B126AF799F56}"
EndProject
Project("{9A19103F-16F7-4668-BE54-9A1E7A4F7556}") = "CompaniesHouseParser.Search", "..\CompaniesHouseParser.Search\CompaniesHouseParser.Search.csproj", "{D5F5B993-D8C0-43D1-8409-95ED76AFB17B}"
EndProject
Project("{9A19103F-16F7-4668-BE54-9A1E7A4F7556}") = "CompaniesHouseParser.DomainParser", "..\CompaniesHouseParser.DomainParser\CompaniesHouseParser.DomainParser.csproj", "{94A053B5-CCFE-44ED-987A-4AE327B901E7}"
EndProject
Project("{9A19103F-16F7-4668-BE54-9A1E7A4F7556}") = "CompaniesHouseParser.DomainSearchFilter", "..\CompaniesHousseParser.DomainSearchFilter\CompaniesHouseParser.DomainSearchFilter.csproj", "{F81A5F52-F5BD-463E-BA69-F2F4FE92A62D}"
EndProject
Project("{9A19103F-16F7-4668-BE54-9A1E7A4F7556}") = "CompaniesHouseParser.DomainShared", "..\CompaniesHouseParser.DomainShared\CompaniesHouseParser.DomainShared.csproj", "{F6FBD00F-D526-4195-994C-5BB768FEFE15}"
EndProject
Project("{9A19103F-16F7-4668-BE54-9A1E7A4F7556}") = "CompaniesHouseParser.IoC", "..\CompaniesHouseParser.IoC\CompaniesHouseParser.IoC.csproj", "{DDB53530-21FD-47F4-B74A-0A5CC7160464}"
EndProject
Project("{9A19103F-16F7-4668-BE54-9A1E7A4F7556}") = "CompaniesHouseParser.Mapping", "..\CompaniesHouseParser.Mapping\CompaniesHouseParser.Mapping.csproj", "{E5E976A2-9F97-46B4-82CC-B2EEF9F05051}"
EndProject
Project("{9A19103F-16F7-4668-BE54-9A1E7A4F7556}") = "CompaniesHouseParser.Profile", "..\CompaniesHouseParser.Profile\CompaniesHouseParser.Profile.csproj", "{69F32CFA-B7E8-4F47-A8EA-9A468E0C2F1E}"
EndProject
Project("{9A19103F-16F7-4668-BE54-9A1E7A4F7556}") = "CompaniesHouseParser.Domain", "..\CompaniesHouseParser.Domain\CompaniesHouseParser.Domain.csproj", "{34571C6F-0E1D-4417-91D4-FE3D0205CC6A}"
EndProject
Project("{9A19103F-16F7-4668-BE54-9A1E7A4F7556}") = "CompaniesHouseParser.ExportData", "..\CompaniesHouseParser.ExportData\CompaniesHouseParser.ExportData.csproj", "{37DE23EA-BE3E-4D6B-894D-AE8F60559876}"
EndProject
Project("{9A19103F-16F7-4668-BE54-9A1E7A4F7556}") = "CompaniesHouseParser.ParsingRestore", "..\CompaniesHouseParser.ParsingRestore\CompaniesHouseParser.ParsingRestore.csproj", "{D893E647-71C1-410A-97A3-2C9FB6CFDC87}"
EndProject
Project("{FAE04EC0-301F-11D3-BF4B-00C04F79EFBC}") = "CompaniesHouseParser.Shared", "..\CompaniesHouseParser.Shared\CompaniesHouseParser.Shared.csproj", "{710E248F-7BB8-49DD-91E9-8E5128524C77}"
EndProject
Global
	GlobalSection(SolutionConfigurationPlatforms) = preSolution
		Debug|Any CPU = Debug|Any CPU
		Release|Any CPU = Release|Any CPU
	EndGlobalSection
	GlobalSection(ProjectConfigurationPlatforms) = postSolution
		{483468BB-3570-4C1F-875A-758AFEBDEAAA}.Debug|Any CPU.ActiveCfg = Debug|Any CPU
		{483468BB-3570-4C1F-875A-758AFEBDEAAA}.Debug|Any CPU.Build.0 = Debug|Any CPU
		{483468BB-3570-4C1F-875A-758AFEBDEAAA}.Release|Any CPU.ActiveCfg = Release|Any CPU
		{483468BB-3570-4C1F-875A-758AFEBDEAAA}.Release|Any CPU.Build.0 = Release|Any CPU
		{28F600D9-C837-43B9-9DAA-C18A07957C36}.Debug|Any CPU.ActiveCfg = Debug|Any CPU
		{28F600D9-C837-43B9-9DAA-C18A07957C36}.Debug|Any CPU.Build.0 = Debug|Any CPU
		{28F600D9-C837-43B9-9DAA-C18A07957C36}.Release|Any CPU.ActiveCfg = Release|Any CPU
		{28F600D9-C837-43B9-9DAA-C18A07957C36}.Release|Any CPU.Build.0 = Release|Any CPU
		{4ECA0C37-63B5-4AE9-9672-C9DDB05C7D77}.Debug|Any CPU.ActiveCfg = Debug|Any CPU
		{4ECA0C37-63B5-4AE9-9672-C9DDB05C7D77}.Debug|Any CPU.Build.0 = Debug|Any CPU
		{4ECA0C37-63B5-4AE9-9672-C9DDB05C7D77}.Release|Any CPU.ActiveCfg = Release|Any CPU
		{4ECA0C37-63B5-4AE9-9672-C9DDB05C7D77}.Release|Any CPU.Build.0 = Release|Any CPU
		{C3689857-CBC0-4D25-A5E1-8FD627AC8109}.Debug|Any CPU.ActiveCfg = Debug|Any CPU
		{C3689857-CBC0-4D25-A5E1-8FD627AC8109}.Debug|Any CPU.Build.0 = Debug|Any CPU
		{C3689857-CBC0-4D25-A5E1-8FD627AC8109}.Release|Any CPU.ActiveCfg = Release|Any CPU
		{C3689857-CBC0-4D25-A5E1-8FD627AC8109}.Release|Any CPU.Build.0 = Release|Any CPU
		{A9CD2B0B-B2F3-45F6-A9FF-8872EACA7414}.Debug|Any CPU.ActiveCfg = Debug|Any CPU
		{A9CD2B0B-B2F3-45F6-A9FF-8872EACA7414}.Debug|Any CPU.Build.0 = Debug|Any CPU
		{A9CD2B0B-B2F3-45F6-A9FF-8872EACA7414}.Release|Any CPU.ActiveCfg = Release|Any CPU
		{A9CD2B0B-B2F3-45F6-A9FF-8872EACA7414}.Release|Any CPU.Build.0 = Release|Any CPU
		{F85576A7-768A-43D8-9B7D-3804AB0E7E26}.Debug|Any CPU.ActiveCfg = Debug|Any CPU
		{F85576A7-768A-43D8-9B7D-3804AB0E7E26}.Debug|Any CPU.Build.0 = Debug|Any CPU
		{F85576A7-768A-43D8-9B7D-3804AB0E7E26}.Release|Any CPU.ActiveCfg = Release|Any CPU
		{F85576A7-768A-43D8-9B7D-3804AB0E7E26}.Release|Any CPU.Build.0 = Release|Any CPU
		{1203231A-8D97-413A-BF9C-B126AF799F56}.Debug|Any CPU.ActiveCfg = Debug|Any CPU
		{1203231A-8D97-413A-BF9C-B126AF799F56}.Debug|Any CPU.Build.0 = Debug|Any CPU
		{1203231A-8D97-413A-BF9C-B126AF799F56}.Release|Any CPU.ActiveCfg = Release|Any CPU
		{1203231A-8D97-413A-BF9C-B126AF799F56}.Release|Any CPU.Build.0 = Release|Any CPU
		{D5F5B993-D8C0-43D1-8409-95ED76AFB17B}.Debug|Any CPU.ActiveCfg = Debug|Any CPU
		{D5F5B993-D8C0-43D1-8409-95ED76AFB17B}.Debug|Any CPU.Build.0 = Debug|Any CPU
		{D5F5B993-D8C0-43D1-8409-95ED76AFB17B}.Release|Any CPU.ActiveCfg = Release|Any CPU
		{D5F5B993-D8C0-43D1-8409-95ED76AFB17B}.Release|Any CPU.Build.0 = Release|Any CPU
		{94A053B5-CCFE-44ED-987A-4AE327B901E7}.Debug|Any CPU.ActiveCfg = Debug|Any CPU
		{94A053B5-CCFE-44ED-987A-4AE327B901E7}.Debug|Any CPU.Build.0 = Debug|Any CPU
		{94A053B5-CCFE-44ED-987A-4AE327B901E7}.Release|Any CPU.ActiveCfg = Release|Any CPU
		{94A053B5-CCFE-44ED-987A-4AE327B901E7}.Release|Any CPU.Build.0 = Release|Any CPU
		{F81A5F52-F5BD-463E-BA69-F2F4FE92A62D}.Debug|Any CPU.ActiveCfg = Debug|Any CPU
		{F81A5F52-F5BD-463E-BA69-F2F4FE92A62D}.Debug|Any CPU.Build.0 = Debug|Any CPU
		{F81A5F52-F5BD-463E-BA69-F2F4FE92A62D}.Release|Any CPU.ActiveCfg = Release|Any CPU
		{F81A5F52-F5BD-463E-BA69-F2F4FE92A62D}.Release|Any CPU.Build.0 = Release|Any CPU
		{F6FBD00F-D526-4195-994C-5BB768FEFE15}.Debug|Any CPU.ActiveCfg = Debug|Any CPU
		{F6FBD00F-D526-4195-994C-5BB768FEFE15}.Debug|Any CPU.Build.0 = Debug|Any CPU
		{F6FBD00F-D526-4195-994C-5BB768FEFE15}.Release|Any CPU.ActiveCfg = Release|Any CPU
		{F6FBD00F-D526-4195-994C-5BB768FEFE15}.Release|Any CPU.Build.0 = Release|Any CPU
		{DDB53530-21FD-47F4-B74A-0A5CC7160464}.Debug|Any CPU.ActiveCfg = Debug|Any CPU
		{DDB53530-21FD-47F4-B74A-0A5CC7160464}.Debug|Any CPU.Build.0 = Debug|Any CPU
		{DDB53530-21FD-47F4-B74A-0A5CC7160464}.Release|Any CPU.ActiveCfg = Release|Any CPU
		{DDB53530-21FD-47F4-B74A-0A5CC7160464}.Release|Any CPU.Build.0 = Release|Any CPU
		{E5E976A2-9F97-46B4-82CC-B2EEF9F05051}.Debug|Any CPU.ActiveCfg = Debug|Any CPU
		{E5E976A2-9F97-46B4-82CC-B2EEF9F05051}.Debug|Any CPU.Build.0 = Debug|Any CPU
		{E5E976A2-9F97-46B4-82CC-B2EEF9F05051}.Release|Any CPU.ActiveCfg = Release|Any CPU
		{E5E976A2-9F97-46B4-82CC-B2EEF9F05051}.Release|Any CPU.Build.0 = Release|Any CPU
		{69F32CFA-B7E8-4F47-A8EA-9A468E0C2F1E}.Debug|Any CPU.ActiveCfg = Debug|Any CPU
		{69F32CFA-B7E8-4F47-A8EA-9A468E0C2F1E}.Debug|Any CPU.Build.0 = Debug|Any CPU
		{69F32CFA-B7E8-4F47-A8EA-9A468E0C2F1E}.Release|Any CPU.ActiveCfg = Release|Any CPU
		{69F32CFA-B7E8-4F47-A8EA-9A468E0C2F1E}.Release|Any CPU.Build.0 = Release|Any CPU
		{34571C6F-0E1D-4417-91D4-FE3D0205CC6A}.Debug|Any CPU.ActiveCfg = Debug|Any CPU
		{34571C6F-0E1D-4417-91D4-FE3D0205CC6A}.Debug|Any CPU.Build.0 = Debug|Any CPU
		{34571C6F-0E1D-4417-91D4-FE3D0205CC6A}.Release|Any CPU.ActiveCfg = Release|Any CPU
		{34571C6F-0E1D-4417-91D4-FE3D0205CC6A}.Release|Any CPU.Build.0 = Release|Any CPU
		{37DE23EA-BE3E-4D6B-894D-AE8F60559876}.Debug|Any CPU.ActiveCfg = Debug|Any CPU
		{37DE23EA-BE3E-4D6B-894D-AE8F60559876}.Debug|Any CPU.Build.0 = Debug|Any CPU
		{37DE23EA-BE3E-4D6B-894D-AE8F60559876}.Release|Any CPU.ActiveCfg = Release|Any CPU
		{37DE23EA-BE3E-4D6B-894D-AE8F60559876}.Release|Any CPU.Build.0 = Release|Any CPU
		{D893E647-71C1-410A-97A3-2C9FB6CFDC87}.Debug|Any CPU.ActiveCfg = Debug|Any CPU
		{D893E647-71C1-410A-97A3-2C9FB6CFDC87}.Debug|Any CPU.Build.0 = Debug|Any CPU
		{D893E647-71C1-410A-97A3-2C9FB6CFDC87}.Release|Any CPU.ActiveCfg = Release|Any CPU
		{D893E647-71C1-410A-97A3-2C9FB6CFDC87}.Release|Any CPU.Build.0 = Release|Any CPU
		{710E248F-7BB8-49DD-91E9-8E5128524C77}.Debug|Any CPU.ActiveCfg = Debug|Any CPU
		{710E248F-7BB8-49DD-91E9-8E5128524C77}.Debug|Any CPU.Build.0 = Debug|Any CPU
		{710E248F-7BB8-49DD-91E9-8E5128524C77}.Release|Any CPU.ActiveCfg = Release|Any CPU
		{710E248F-7BB8-49DD-91E9-8E5128524C77}.Release|Any CPU.Build.0 = Release|Any CPU
	EndGlobalSection
	GlobalSection(SolutionProperties) = preSolution
		HideSolutionNode = FALSE
	EndGlobalSection
	GlobalSection(ExtensibilityGlobals) = postSolution
		SolutionGuid = {DB4062C4-B77D-46E8-B4BD-638E2807AC5B}
	EndGlobalSection
EndGlobal
