
Microsoft Visual Studio Solution File, Format Version 12.00
# Visual Studio Version 17
VisualStudioVersion = 17.4.33213.308
MinimumVisualStudioVersion = 10.0.40219.1
Project("{9A19103F-16F7-4668-BE54-9A1E7A4F7556}") = "CompaniesHouseParser.App", "CompaniesHouseParser.App.csproj", "{483468BB-3570-4C1F-875A-758AFEBDEAAA}"
EndProject
Project("{9A19103F-16F7-4668-BE54-9A1E7A4F7556}") = "CompaniesHouseParser.Settings", "..\CompaniesHouseParser.Settings\CompaniesHouseParser.Settings.csproj", "{28F600D9-C837-43B9-9DAA-C18A07957C36}"
EndProject
Project("{9A19103F-16F7-4668-BE54-9A1E7A4F7556}") = "CompaniesHouseParser.Api", "..\CompaniesHouseParser.Api\CompaniesHouseParser.Api.csproj", "{4ECA0C37-63B5-4AE9-9672-C9DDB05C7D77}"
EndProject
Project("{FAE04EC0-301F-11D3-BF4B-00C04F79EFBC}") = "CompaniesHouseParsing.EmailSending", "..\CompaniesHouseParsing.EmailSending\CompaniesHouseParsing.EmailSending.csproj", "{C3689857-CBC0-4D25-A5E1-8FD627AC8109}"
EndProject
Global
	GlobalSection(SolutionConfigurationPlatforms) = preSolution
		Debug|Any CPU = Debug|Any CPU
		Release|Any CPU = Release|Any CPU
	EndGlobalSection
	GlobalSection(ProjectConfigurationPlatforms) = postSolution
		{483468BB-3570-4C1F-875A-758AFEBDEAAA}.Debug|Any CPU.ActiveCfg = Debug|Any CPU
		{483468BB-3570-4C1F-875A-758AFEBDEAAA}.Debug|Any CPU.Build.0 = Debug|Any CPU
		{483468BB-3570-4C1F-875A-758AFEBDEAAA}.Release|Any CPU.ActiveCfg = Release|Any CPU
		{483468BB-3570-4C1F-875A-758AFEBDEAAA}.Release|Any CPU.Build.0 = Release|Any CPU
		{28F600D9-C837-43B9-9DAA-C18A07957C36}.Debug|Any CPU.ActiveCfg = Debug|Any CPU
		{28F600D9-C837-43B9-9DAA-C18A07957C36}.Debug|Any CPU.Build.0 = Debug|Any CPU
		{28F600D9-C837-43B9-9DAA-C18A07957C36}.Release|Any CPU.ActiveCfg = Release|Any CPU
		{28F600D9-C837-43B9-9DAA-C18A07957C36}.Release|Any CPU.Build.0 = Release|Any CPU
		{4ECA0C37-63B5-4AE9-9672-C9DDB05C7D77}.Debug|Any CPU.ActiveCfg = Debug|Any CPU
		{4ECA0C37-63B5-4AE9-9672-C9DDB05C7D77}.Debug|Any CPU.Build.0 = Debug|Any CPU
		{4ECA0C37-63B5-4AE9-9672-C9DDB05C7D77}.Release|Any CPU.ActiveCfg = Release|Any CPU
		{4ECA0C37-63B5-4AE9-9672-C9DDB05C7D77}.Release|Any CPU.Build.0 = Release|Any CPU
		{C3689857-CBC0-4D25-A5E1-8FD627AC8109}.Debug|Any CPU.ActiveCfg = Debug|Any CPU
		{C3689857-CBC0-4D25-A5E1-8FD627AC8109}.Debug|Any CPU.Build.0 = Debug|Any CPU
		{C3689857-CBC0-4D25-A5E1-8FD627AC8109}.Release|Any CPU.ActiveCfg = Release|Any CPU
		{C3689857-CBC0-4D25-A5E1-8FD627AC8109}.Release|Any CPU.Build.0 = Release|Any CPU
	EndGlobalSection
	GlobalSection(SolutionProperties) = preSolution
		HideSolutionNode = FALSE
	EndGlobalSection
	GlobalSection(ExtensibilityGlobals) = postSolution
		SolutionGuid = {DB4062C4-B77D-46E8-B4BD-638E2807AC5B}
	EndGlobalSection
EndGlobal
